lockfileVersion: 5.3

specifiers:
  '@scope/package-a': ./stubs/@scope/package-a
  '@scope/package-b': ./stubs/@scope/package-b
  package-a: ./stubs/package-a
  package-b: ./stubs/package-b

devDependencies:
  '@scope/package-a': link:stubs/@scope/package-a
  '@scope/package-b': link:stubs/@scope/package-b
  package-a: link:stubs/package-a
  package-b: link:stubs/package-b
